
Microsoft Visual Studio Solution File, Format Version 12.00
# Visual Studio Version 16
VisualStudioVersion = 16.0.30517.126
MinimumVisualStudioVersion = 10.0.40219.1
Project("{FAE04EC0-301F-11D3-BF4B-00C04F79EFBC}") = "Lineage2.Model", "Lineage2.Model\Lineage2.Model.csproj", "{9370E4D2-635A-400B-BA4F-E915CBD77E3A}"
EndProject
Project("{FAE04EC0-301F-11D3-BF4B-00C04F79EFBC}") = "Lineage2.Server", "Lineage2.Server\Lineage2.Server.csproj", "{F829BB6B-9AAA-4334-9F3E-A259F867AAB6}"
EndProject
Project("{FAE04EC0-301F-11D3-BF4B-00C04F79EFBC}") = "Lineage2.Network", "Lineage2.Network\Lineage2.Network.csproj", "{F2546014-167F-4844-A148-596A6262F659}"
EndProject
Project("{FAE04EC0-301F-11D3-BF4B-00C04F79EFBC}") = "Lineage2.Unility", "Lineage2.Unility\Lineage2.Unility.csproj", "{F009E4D1-6A65-4E6E-8F4C-A09A54E8FB40}"
EndProject
Global
	GlobalSection(SolutionConfigurationPlatforms) = preSolution
		Debug|Any CPU = Debug|Any CPU
		Release|Any CPU = Release|Any CPU
	EndGlobalSection
	GlobalSection(ProjectConfigurationPlatforms) = postSolution
		{9370E4D2-635A-400B-BA4F-E915CBD77E3A}.Debug|Any CPU.ActiveCfg = Debug|Any CPU
		{9370E4D2-635A-400B-BA4F-E915CBD77E3A}.Debug|Any CPU.Build.0 = Debug|Any CPU
		{9370E4D2-635A-400B-BA4F-E915CBD77E3A}.Release|Any CPU.ActiveCfg = Release|Any CPU
		{9370E4D2-635A-400B-BA4F-E915CBD77E3A}.Release|Any CPU.Build.0 = Release|Any CPU
		{F829BB6B-9AAA-4334-9F3E-A259F867AAB6}.Debug|Any CPU.ActiveCfg = Debug|Any CPU
		{F829BB6B-9AAA-4334-9F3E-A259F867AAB6}.Debug|Any CPU.Build.0 = Debug|Any CPU
		{F829BB6B-9AAA-4334-9F3E-A259F867AAB6}.Release|Any CPU.ActiveCfg = Release|Any CPU
		{F829BB6B-9AAA-4334-9F3E-A259F867AAB6}.Release|Any CPU.Build.0 = Release|Any CPU
		{F2546014-167F-4844-A148-596A6262F659}.Debug|Any CPU.ActiveCfg = Debug|Any CPU
		{F2546014-167F-4844-A148-596A6262F659}.Debug|Any CPU.Build.0 = Debug|Any CPU
		{F2546014-167F-4844-A148-596A6262F659}.Release|Any CPU.ActiveCfg = Release|Any CPU
		{F2546014-167F-4844-A148-596A6262F659}.Release|Any CPU.Build.0 = Release|Any CPU
		{F009E4D1-6A65-4E6E-8F4C-A09A54E8FB40}.Debug|Any CPU.ActiveCfg = Debug|Any CPU
		{F009E4D1-6A65-4E6E-8F4C-A09A54E8FB40}.Debug|Any CPU.Build.0 = Debug|Any CPU
		{F009E4D1-6A65-4E6E-8F4C-A09A54E8FB40}.Release|Any CPU.ActiveCfg = Release|Any CPU
		{F009E4D1-6A65-4E6E-8F4C-A09A54E8FB40}.Release|Any CPU.Build.0 = Release|Any CPU
	EndGlobalSection
	GlobalSection(SolutionProperties) = preSolution
		HideSolutionNode = FALSE
	EndGlobalSection
	GlobalSection(ExtensibilityGlobals) = postSolution
		SolutionGuid = {B7C61ED9-C723-4318-B9FA-9FB4E8E39BD2}
	EndGlobalSection
EndGlobal
