
Microsoft Visual Studio Solution File, Format Version 12.00
# Visual Studio Version 16
VisualStudioVersion = 16.0.30517.126
MinimumVisualStudioVersion = 10.0.40219.1
Project("{9A19103F-16F7-4668-BE54-9A1E7A4F7556}") = "Lineage2.Model", "Lineage2.Model\Lineage2.Model.csproj", "{9370E4D2-635A-400B-BA4F-E915CBD77E3A}"
EndProject
Project("{9A19103F-16F7-4668-BE54-9A1E7A4F7556}") = "Lineage2.Server", "Lineage2.Server\Lineage2.Server.csproj", "{F829BB6B-9AAA-4334-9F3E-A259F867AAB6}"
	ProjectSection(ProjectDependencies) = postProject
		{13F5C1FF-A308-42F8-97D5-795C67E23223} = {13F5C1FF-A308-42F8-97D5-795C67E23223}
	EndProjectSection
EndProject
Project("{9A19103F-16F7-4668-BE54-9A1E7A4F7556}") = "Lineage2.Network", "Lineage2.Network\Lineage2.Network.csproj", "{F2546014-167F-4844-A148-596A6262F659}"
EndProject
Project("{9A19103F-16F7-4668-BE54-9A1E7A4F7556}") = "Lineage2.Unility", "Lineage2.Unility\Lineage2.Unility.csproj", "{F009E4D1-6A65-4E6E-8F4C-A09A54E8FB40}"
EndProject
Project("{9A19103F-16F7-4668-BE54-9A1E7A4F7556}") = "Lineage2.LoginService", "Lineage2.LoginService\Lineage2.LoginService.csproj", "{1940000A-54E0-452A-B40F-FDD307F3862D}"
EndProject
Project("{9A19103F-16F7-4668-BE54-9A1E7A4F7556}") = "Lineage2.Database", "Lineage2.Repositories\Lineage2.Database.csproj", "{13F5C1FF-A308-42F8-97D5-795C67E23223}"
EndProject
Project("{9A19103F-16F7-4668-BE54-9A1E7A4F7556}") = "Lineage2.Engine", "Lineage2.Engine\Lineage2.Engine.csproj", "{D89E60A6-E47F-4370-9236-7039869F686D}"
	ProjectSection(ProjectDependencies) = postProject
		{9370E4D2-635A-400B-BA4F-E915CBD77E3A} = {9370E4D2-635A-400B-BA4F-E915CBD77E3A}
	EndProjectSection
EndProject
Project("{9A19103F-16F7-4668-BE54-9A1E7A4F7556}") = "Tools", "Tools\Tools.csproj", "{535780B5-7205-4AB8-99AD-6A6110AF6641}"
EndProject
Global
	GlobalSection(SolutionConfigurationPlatforms) = preSolution
		Debug|Any CPU = Debug|Any CPU
		Release|Any CPU = Release|Any CPU
	EndGlobalSection
	GlobalSection(ProjectConfigurationPlatforms) = postSolution
		{9370E4D2-635A-400B-BA4F-E915CBD77E3A}.Debug|Any CPU.ActiveCfg = Debug|Any CPU
		{9370E4D2-635A-400B-BA4F-E915CBD77E3A}.Debug|Any CPU.Build.0 = Debug|Any CPU
		{9370E4D2-635A-400B-BA4F-E915CBD77E3A}.Release|Any CPU.ActiveCfg = Release|Any CPU
		{9370E4D2-635A-400B-BA4F-E915CBD77E3A}.Release|Any CPU.Build.0 = Release|Any CPU
		{F829BB6B-9AAA-4334-9F3E-A259F867AAB6}.Debug|Any CPU.ActiveCfg = Debug|Any CPU
		{F829BB6B-9AAA-4334-9F3E-A259F867AAB6}.Debug|Any CPU.Build.0 = Debug|Any CPU
		{F829BB6B-9AAA-4334-9F3E-A259F867AAB6}.Release|Any CPU.ActiveCfg = Release|Any CPU
		{F829BB6B-9AAA-4334-9F3E-A259F867AAB6}.Release|Any CPU.Build.0 = Release|Any CPU
		{F2546014-167F-4844-A148-596A6262F659}.Debug|Any CPU.ActiveCfg = Debug|Any CPU
		{F2546014-167F-4844-A148-596A6262F659}.Debug|Any CPU.Build.0 = Debug|Any CPU
		{F2546014-167F-4844-A148-596A6262F659}.Release|Any CPU.ActiveCfg = Release|Any CPU
		{F2546014-167F-4844-A148-596A6262F659}.Release|Any CPU.Build.0 = Release|Any CPU
		{F009E4D1-6A65-4E6E-8F4C-A09A54E8FB40}.Debug|Any CPU.ActiveCfg = Debug|Any CPU
		{F009E4D1-6A65-4E6E-8F4C-A09A54E8FB40}.Debug|Any CPU.Build.0 = Debug|Any CPU
		{F009E4D1-6A65-4E6E-8F4C-A09A54E8FB40}.Release|Any CPU.ActiveCfg = Release|Any CPU
		{F009E4D1-6A65-4E6E-8F4C-A09A54E8FB40}.Release|Any CPU.Build.0 = Release|Any CPU
		{1940000A-54E0-452A-B40F-FDD307F3862D}.Debug|Any CPU.ActiveCfg = Debug|Any CPU
		{1940000A-54E0-452A-B40F-FDD307F3862D}.Debug|Any CPU.Build.0 = Debug|Any CPU
		{1940000A-54E0-452A-B40F-FDD307F3862D}.Release|Any CPU.ActiveCfg = Release|Any CPU
		{1940000A-54E0-452A-B40F-FDD307F3862D}.Release|Any CPU.Build.0 = Release|Any CPU
		{13F5C1FF-A308-42F8-97D5-795C67E23223}.Debug|Any CPU.ActiveCfg = Debug|Any CPU
		{13F5C1FF-A308-42F8-97D5-795C67E23223}.Debug|Any CPU.Build.0 = Debug|Any CPU
		{13F5C1FF-A308-42F8-97D5-795C67E23223}.Release|Any CPU.ActiveCfg = Release|Any CPU
		{13F5C1FF-A308-42F8-97D5-795C67E23223}.Release|Any CPU.Build.0 = Release|Any CPU
		{D89E60A6-E47F-4370-9236-7039869F686D}.Debug|Any CPU.ActiveCfg = Debug|Any CPU
		{D89E60A6-E47F-4370-9236-7039869F686D}.Debug|Any CPU.Build.0 = Debug|Any CPU
		{D89E60A6-E47F-4370-9236-7039869F686D}.Release|Any CPU.ActiveCfg = Release|Any CPU
		{D89E60A6-E47F-4370-9236-7039869F686D}.Release|Any CPU.Build.0 = Release|Any CPU
		{535780B5-7205-4AB8-99AD-6A6110AF6641}.Debug|Any CPU.ActiveCfg = Debug|Any CPU
		{535780B5-7205-4AB8-99AD-6A6110AF6641}.Debug|Any CPU.Build.0 = Debug|Any CPU
		{535780B5-7205-4AB8-99AD-6A6110AF6641}.Release|Any CPU.ActiveCfg = Release|Any CPU
		{535780B5-7205-4AB8-99AD-6A6110AF6641}.Release|Any CPU.Build.0 = Release|Any CPU
	EndGlobalSection
	GlobalSection(SolutionProperties) = preSolution
		HideSolutionNode = FALSE
	EndGlobalSection
	GlobalSection(ExtensibilityGlobals) = postSolution
		SolutionGuid = {B7C61ED9-C723-4318-B9FA-9FB4E8E39BD2}
	EndGlobalSection
EndGlobal
